// !$*UTF8*$!
{
	archiveVersion = 1;
	classes = {
	};
	objectVersion = 77;
	objects = {

/* Begin PBXContainerItemProxy section */
		C014F0C92D4A3E7B00EF9911 /* PBXContainerItemProxy */ = {
			isa = PBXContainerItemProxy;
			containerPortal = C014F0B02D4A3E7900EF9911 /* Project object */;
			proxyType = 1;
			remoteGlobalIDString = C014F0B72D4A3E7900EF9911;
			remoteInfo = "Swipe iOS Assignment";
		};
		C014F0D32D4A3E7B00EF9911 /* PBXContainerItemProxy */ = {
			isa = PBXContainerItemProxy;
			containerPortal = C014F0B02D4A3E7900EF9911 /* Project object */;
			proxyType = 1;
			remoteGlobalIDString = C014F0B72D4A3E7900EF9911;
			remoteInfo = "Swipe iOS Assignment";
		};
/* End PBXContainerItemProxy section */

/* Begin PBXFileReference section */
		C014F0B82D4A3E7A00EF9911 /* Swipe iOS Assignment.app */ = {isa = PBXFileReference; explicitFileType = wrapper.application; includeInIndex = 0; path = "Swipe iOS Assignment.app"; sourceTree = BUILT_PRODUCTS_DIR; };
		C014F0C82D4A3E7B00EF9911 /* Swipe iOS AssignmentTests.xctest */ = {isa = PBXFileReference; explicitFileType = wrapper.cfbundle; includeInIndex = 0; path = "Swipe iOS AssignmentTests.xctest"; sourceTree = BUILT_PRODUCTS_DIR; };
		C014F0D22D4A3E7B00EF9911 /* Swipe iOS AssignmentUITests.xctest */ = {isa = PBXFileReference; explicitFileType = wrapper.cfbundle; includeInIndex = 0; path = "Swipe iOS AssignmentUITests.xctest"; sourceTree = BUILT_PRODUCTS_DIR; };
/* End PBXFileReference section */

/* Begin PBXFileSystemSynchronizedRootGroup section */
		C014F0BA2D4A3E7A00EF9911 /* Swipe iOS Assignment */ = {
			isa = PBXFileSystemSynchronizedRootGroup;
			path = "Swipe iOS Assignment";
			sourceTree = "<group>";
		};
		C014F0CB2D4A3E7B00EF9911 /* Swipe iOS AssignmentTests */ = {
			isa = PBXFileSystemSynchronizedRootGroup;
			path = "Swipe iOS AssignmentTests";
			sourceTree = "<group>";
		};
		C014F0D52D4A3E7B00EF9911 /* Swipe iOS AssignmentUITests */ = {
			isa = PBXFileSystemSynchronizedRootGroup;
			path = "Swipe iOS AssignmentUITests";
			sourceTree = "<group>";
		};
/* End PBXFileSystemSynchronizedRootGroup section */

/* Begin PBXFrameworksBuildPhase section */
		C014F0B52D4A3E7900EF9911 /* Frameworks */ = {
			isa = PBXFrameworksBuildPhase;
			buildActionMask = 2147483647;
			files = (
			);
			runOnlyForDeploymentPostprocessing = 0;
		};
		C014F0C52D4A3E7B00EF9911 /* Frameworks */ = {
			isa = PBXFrameworksBuildPhase;
			buildActionMask = 2147483647;
			files = (
			);
			runOnlyForDeploymentPostprocessing = 0;
		};
		C014F0CF2D4A3E7B00EF9911 /* Frameworks */ = {
			isa = PBXFrameworksBuildPhase;
			buildActionMask = 2147483647;
			files = (
			);
			runOnlyForDeploymentPostprocessing = 0;
		};
/* End PBXFrameworksBuildPhase section */

/* Begin PBXGroup section */
		C014F0AF2D4A3E7900EF9911 = {
			isa = PBXGroup;
			children = (
				C014F0BA2D4A3E7A00EF9911 /* Swipe iOS Assignment */,
				C014F0CB2D4A3E7B00EF9911 /* Swipe iOS AssignmentTests */,
				C014F0D52D4A3E7B00EF9911 /* Swipe iOS AssignmentUITests */,
				C014F0B92D4A3E7A00EF9911 /* Products */,
			);
			sourceTree = "<group>";
		};
		C014F0B92D4A3E7A00EF9911 /* Products */ = {
			isa = PBXGroup;
			children = (
				C014F0B82D4A3E7A00EF9911 /* Swipe iOS Assignment.app */,
				C014F0C82D4A3E7B00EF9911 /* Swipe iOS AssignmentTests.xctest */,
				C014F0D22D4A3E7B00EF9911 /* Swipe iOS AssignmentUITests.xctest */,
			);
			name = Products;
			sourceTree = "<group>";
		};
/* End PBXGroup section */

/* Begin PBXNativeTarget section */
		C014F0B72D4A3E7900EF9911 /* Swipe iOS Assignment */ = {
			isa = PBXNativeTarget;
			buildConfigurationList = C014F0DC2D4A3E7B00EF9911 /* Build configuration list for PBXNativeTarget "Swipe iOS Assignment" */;
			buildPhases = (
				C014F0B42D4A3E7900EF9911 /* Sources */,
				C014F0B52D4A3E7900EF9911 /* Frameworks */,
				C014F0B62D4A3E7900EF9911 /* Resources */,
			);
			buildRules = (
			);
			dependencies = (
			);
			fileSystemSynchronizedGroups = (
				C014F0BA2D4A3E7A00EF9911 /* Swipe iOS Assignment */,
			);
			name = "Swipe iOS Assignment";
			packageProductDependencies = (
			);
			productName = "Swipe iOS Assignment";
			productReference = C014F0B82D4A3E7A00EF9911 /* Swipe iOS Assignment.app */;
			productType = "com.apple.product-type.application";
		};
		C014F0C72D4A3E7B00EF9911 /* Swipe iOS AssignmentTests */ = {
			isa = PBXNativeTarget;
			buildConfigurationList = C014F0DF2D4A3E7B00EF9911 /* Build configuration list for PBXNativeTarget "Swipe iOS AssignmentTests" */;
			buildPhases = (
				C014F0C42D4A3E7B00EF9911 /* Sources */,
				C014F0C52D4A3E7B00EF9911 /* Frameworks */,
				C014F0C62D4A3E7B00EF9911 /* Resources */,
			);
			buildRules = (
			);
			dependencies = (
				C014F0CA2D4A3E7B00EF9911 /* PBXTargetDependency */,
			);
			fileSystemSynchronizedGroups = (
				C014F0CB2D4A3E7B00EF9911 /* Swipe iOS AssignmentTests */,
			);
			name = "Swipe iOS AssignmentTests";
			packageProductDependencies = (
			);
			productName = "Swipe iOS AssignmentTests";
			productReference = C014F0C82D4A3E7B00EF9911 /* Swipe iOS AssignmentTests.xctest */;
			productType = "com.apple.product-type.bundle.unit-test";
		};
		C014F0D12D4A3E7B00EF9911 /* Swipe iOS AssignmentUITests */ = {
			isa = PBXNativeTarget;
			buildConfigurationList = C014F0E22D4A3E7B00EF9911 /* Build configuration list for PBXNativeTarget "Swipe iOS AssignmentUITests" */;
			buildPhases = (
				C014F0CE2D4A3E7B00EF9911 /* Sources */,
				C014F0CF2D4A3E7B00EF9911 /* Frameworks */,
				C014F0D02D4A3E7B00EF9911 /* Resources */,
			);
			buildRules = (
			);
			dependencies = (
				C014F0D42D4A3E7B00EF9911 /* PBXTargetDependency */,
			);
			fileSystemSynchronizedGroups = (
				C014F0D52D4A3E7B00EF9911 /* Swipe iOS AssignmentUITests */,
			);
			name = "Swipe iOS AssignmentUITests";
			packageProductDependencies = (
			);
			productName = "Swipe iOS AssignmentUITests";
			productReference = C014F0D22D4A3E7B00EF9911 /* Swipe iOS AssignmentUITests.xctest */;
			productType = "com.apple.product-type.bundle.ui-testing";
		};
/* End PBXNativeTarget section */

/* Begin PBXProject section */
		C014F0B02D4A3E7900EF9911 /* Project object */ = {
			isa = PBXProject;
			attributes = {
				BuildIndependentTargetsInParallel = 1;
				LastSwiftUpdateCheck = 1620;
				LastUpgradeCheck = 1620;
				TargetAttributes = {
					C014F0B72D4A3E7900EF9911 = {
						CreatedOnToolsVersion = 16.2;
					};
					C014F0C72D4A3E7B00EF9911 = {
						CreatedOnToolsVersion = 16.2;
						TestTargetID = C014F0B72D4A3E7900EF9911;
					};
					C014F0D12D4A3E7B00EF9911 = {
						CreatedOnToolsVersion = 16.2;
						TestTargetID = C014F0B72D4A3E7900EF9911;
					};
				};
			};
			buildConfigurationList = C014F0B32D4A3E7900EF9911 /* Build configuration list for PBXProject "Swipe iOS Assignment" */;
			developmentRegion = en;
			hasScannedForEncodings = 0;
			knownRegions = (
				en,
				Base,
			);
			mainGroup = C014F0AF2D4A3E7900EF9911;
			minimizedProjectReferenceProxies = 1;
			preferredProjectObjectVersion = 77;
			productRefGroup = C014F0B92D4A3E7A00EF9911 /* Products */;
			projectDirPath = "";
			projectRoot = "";
			targets = (
				C014F0B72D4A3E7900EF9911 /* Swipe iOS Assignment */,
				C014F0C72D4A3E7B00EF9911 /* Swipe iOS AssignmentTests */,
				C014F0D12D4A3E7B00EF9911 /* Swipe iOS AssignmentUITests */,
			);
		};
/* End PBXProject section */

/* Begin PBXResourcesBuildPhase section */
		C014F0B62D4A3E7900EF9911 /* Resources */ = {
			isa = PBXResourcesBuildPhase;
			buildActionMask = 2147483647;
			files = (
			);
			runOnlyForDeploymentPostprocessing = 0;
		};
		C014F0C62D4A3E7B00EF9911 /* Resources */ = {
			isa = PBXResourcesBuildPhase;
			buildActionMask = 2147483647;
			files = (
			);
			runOnlyForDeploymentPostprocessing = 0;
		};
		C014F0D02D4A3E7B00EF9911 /* Resources */ = {
			isa = PBXResourcesBuildPhase;
			buildActionMask = 2147483647;
			files = (
			);
			runOnlyForDeploymentPostprocessing = 0;
		};
/* End PBXResourcesBuildPhase section */

/* Begin PBXSourcesBuildPhase section */
		C014F0B42D4A3E7900EF9911 /* Sources */ = {
			isa = PBXSourcesBuildPhase;
			buildActionMask = 2147483647;
			files = (
			);
			runOnlyForDeploymentPostprocessing = 0;
		};
		C014F0C42D4A3E7B00EF9911 /* Sources */ = {
			isa = PBXSourcesBuildPhase;
			buildActionMask = 2147483647;
			files = (
			);
			runOnlyForDeploymentPostprocessing = 0;
		};
		C014F0CE2D4A3E7B00EF9911 /* Sources */ = {
			isa = PBXSourcesBuildPhase;
			buildActionMask = 2147483647;
			files = (
			);
			runOnlyForDeploymentPostprocessing = 0;
		};
/* End PBXSourcesBuildPhase section */

/* Begin PBXTargetDependency section */
		C014F0CA2D4A3E7B00EF9911 /* PBXTargetDependency */ = {
			isa = PBXTargetDependency;
			target = C014F0B72D4A3E7900EF9911 /* Swipe iOS Assignment */;
			targetProxy = C014F0C92D4A3E7B00EF9911 /* PBXContainerItemProxy */;
		};
		C014F0D42D4A3E7B00EF9911 /* PBXTargetDependency */ = {
			isa = PBXTargetDependency;
			target = C014F0B72D4A3E7900EF9911 /* Swipe iOS Assignment */;
			targetProxy = C014F0D32D4A3E7B00EF9911 /* PBXContainerItemProxy */;
		};
/* End PBXTargetDependency section */

/* Begin XCBuildConfiguration section */
		C014F0DA2D4A3E7B00EF9911 /* Debug */ = {
			isa = XCBuildConfiguration;
			buildSettings = {
				ALWAYS_SEARCH_USER_PATHS = NO;
				ASSETCATALOG_COMPILER_GENERATE_SWIFT_ASSET_SYMBOL_EXTENSIONS = YES;
				CLANG_ANALYZER_NONNULL = YES;
				CLANG_ANALYZER_NUMBER_OBJECT_CONVERSION = YES_AGGRESSIVE;
				CLANG_CXX_LANGUAGE_STANDARD = "gnu++20";
				CLANG_ENABLE_MODULES = YES;
				CLANG_ENABLE_OBJC_ARC = YES;
				CLANG_ENABLE_OBJC_WEAK = YES;
				CLANG_WARN_BLOCK_CAPTURE_AUTORELEASING = YES;
				CLANG_WARN_BOOL_CONVERSION = YES;
				CLANG_WARN_COMMA = YES;
				CLANG_WARN_CONSTANT_CONVERSION = YES;
				CLANG_WARN_DEPRECATED_OBJC_IMPLEMENTATIONS = YES;
				CLANG_WARN_DIRECT_OBJC_ISA_USAGE = YES_ERROR;
				CLANG_WARN_DOCUMENTATION_COMMENTS = YES;
				CLANG_WARN_EMPTY_BODY = YES;
				CLANG_WARN_ENUM_CONVERSION = YES;
				CLANG_WARN_INFINITE_RECURSION = YES;
				CLANG_WARN_INT_CONVERSION = YES;
				CLANG_WARN_NON_LITERAL_NULL_CONVERSION = YES;
				CLANG_WARN_OBJC_IMPLICIT_RETAIN_SELF = YES;
				CLANG_WARN_OBJC_LITERAL_CONVERSION = YES;
				CLANG_WARN_OBJC_ROOT_CLASS = YES_ERROR;
				CLANG_WARN_QUOTED_INCLUDE_IN_FRAMEWORK_HEADER = YES;
				CLANG_WARN_RANGE_LOOP_ANALYSIS = YES;
				CLANG_WARN_STRICT_PROTOTYPES = YES;
				CLANG_WARN_SUSPICIOUS_MOVE = YES;
				CLANG_WARN_UNGUARDED_AVAILABILITY = YES_AGGRESSIVE;
				CLANG_WARN_UNREACHABLE_CODE = YES;
				CLANG_WARN__DUPLICATE_METHOD_MATCH = YES;
				COPY_PHASE_STRIP = NO;
				DEBUG_INFORMATION_FORMAT = dwarf;
				ENABLE_STRICT_OBJC_MSGSEND = YES;
				ENABLE_TESTABILITY = YES;
				ENABLE_USER_SCRIPT_SANDBOXING = YES;
				GCC_C_LANGUAGE_STANDARD = gnu17;
				GCC_DYNAMIC_NO_PIC = NO;
				GCC_NO_COMMON_BLOCKS = YES;
				GCC_OPTIMIZATION_LEVEL = 0;
				GCC_PREPROCESSOR_DEFINITIONS = (
					"DEBUG=1",
					"$(inherited)",
				);
				GCC_WARN_64_TO_32_BIT_CONVERSION = YES;
				GCC_WARN_ABOUT_RETURN_TYPE = YES_ERROR;
				GCC_WARN_UNDECLARED_SELECTOR = YES;
				GCC_WARN_UNINITIALIZED_AUTOS = YES_AGGRESSIVE;
				GCC_WARN_UNUSED_FUNCTION = YES;
				GCC_WARN_UNUSED_VARIABLE = YES;
				IPHONEOS_DEPLOYMENT_TARGET = 18.2;
				LOCALIZATION_PREFERS_STRING_CATALOGS = YES;
				MTL_ENABLE_DEBUG_INFO = INCLUDE_SOURCE;
				MTL_FAST_MATH = YES;
				ONLY_ACTIVE_ARCH = YES;
				SDKROOT = iphoneos;
				SWIFT_ACTIVE_COMPILATION_CONDITIONS = "DEBUG $(inherited)";
				SWIFT_OPTIMIZATION_LEVEL = "-Onone";
			};
			name = Debug;
		};
		C014F0DB2D4A3E7B00EF9911 /* Release */ = {
			isa = XCBuildConfiguration;
			buildSettings = {
				ALWAYS_SEARCH_USER_PATHS = NO;
				ASSETCATALOG_COMPILER_GENERATE_SWIFT_ASSET_SYMBOL_EXTENSIONS = YES;
				CLANG_ANALYZER_NONNULL = YES;
				CLANG_ANALYZER_NUMBER_OBJECT_CONVERSION = YES_AGGRESSIVE;
				CLANG_CXX_LANGUAGE_STANDARD = "gnu++20";
				CLANG_ENABLE_MODULES = YES;
				CLANG_ENABLE_OBJC_ARC = YES;
				CLANG_ENABLE_OBJC_WEAK = YES;
				CLANG_WARN_BLOCK_CAPTURE_AUTORELEASING = YES;
				CLANG_WARN_BOOL_CONVERSION = YES;
				CLANG_WARN_COMMA = YES;
				CLANG_WARN_CONSTANT_CONVERSION = YES;
				CLANG_WARN_DEPRECATED_OBJC_IMPLEMENTATIONS = YES;
				CLANG_WARN_DIRECT_OBJC_ISA_USAGE = YES_ERROR;
				CLANG_WARN_DOCUMENTATION_COMMENTS = YES;
				CLANG_WARN_EMPTY_BODY = YES;
				CLANG_WARN_ENUM_CONVERSION = YES;
				CLANG_WARN_INFINITE_RECURSION = YES;
				CLANG_WARN_INT_CONVERSION = YES;
				CLANG_WARN_NON_LITERAL_NULL_CONVERSION = YES;
				CLANG_WARN_OBJC_IMPLICIT_RETAIN_SELF = YES;
				CLANG_WARN_OBJC_LITERAL_CONVERSION = YES;
				CLANG_WARN_OBJC_ROOT_CLASS = YES_ERROR;
				CLANG_WARN_QUOTED_INCLUDE_IN_FRAMEWORK_HEADER = YES;
				CLANG_WARN_RANGE_LOOP_ANALYSIS = YES;
				CLANG_WARN_STRICT_PROTOTYPES = YES;
				CLANG_WARN_SUSPICIOUS_MOVE = YES;
				CLANG_WARN_UNGUARDED_AVAILABILITY = YES_AGGRESSIVE;
				CLANG_WARN_UNREACHABLE_CODE = YES;
				CLANG_WARN__DUPLICATE_METHOD_MATCH = YES;
				COPY_PHASE_STRIP = NO;
				DEBUG_INFORMATION_FORMAT = "dwarf-with-dsym";
				ENABLE_NS_ASSERTIONS = NO;
				ENABLE_STRICT_OBJC_MSGSEND = YES;
				ENABLE_USER_SCRIPT_SANDBOXING = YES;
				GCC_C_LANGUAGE_STANDARD = gnu17;
				GCC_NO_COMMON_BLOCKS = YES;
				GCC_WARN_64_TO_32_BIT_CONVERSION = YES;
				GCC_WARN_ABOUT_RETURN_TYPE = YES_ERROR;
				GCC_WARN_UNDECLARED_SELECTOR = YES;
				GCC_WARN_UNINITIALIZED_AUTOS = YES_AGGRESSIVE;
				GCC_WARN_UNUSED_FUNCTION = YES;
				GCC_WARN_UNUSED_VARIABLE = YES;
				IPHONEOS_DEPLOYMENT_TARGET = 18.2;
				LOCALIZATION_PREFERS_STRING_CATALOGS = YES;
				MTL_ENABLE_DEBUG_INFO = NO;
				MTL_FAST_MATH = YES;
				SDKROOT = iphoneos;
				SWIFT_COMPILATION_MODE = wholemodule;
				VALIDATE_PRODUCT = YES;
			};
			name = Release;
		};
		C014F0DD2D4A3E7B00EF9911 /* Debug */ = {
			isa = XCBuildConfiguration;
			buildSettings = {
				ASSETCATALOG_COMPILER_APPICON_NAME = AppIcon;
				ASSETCATALOG_COMPILER_GLOBAL_ACCENT_COLOR_NAME = AccentColor;
				CODE_SIGN_STYLE = Automatic;
				CURRENT_PROJECT_VERSION = 1;
				DEVELOPMENT_ASSET_PATHS = "\"Swipe iOS Assignment/Preview Content\"";
				DEVELOPMENT_TEAM = 659TVY4N4U;
				ENABLE_PREVIEWS = YES;
				GENERATE_INFOPLIST_FILE = YES;
				INFOPLIST_KEY_UIApplicationSceneManifest_Generation = YES;
				INFOPLIST_KEY_UIApplicationSupportsIndirectInputEvents = YES;
				INFOPLIST_KEY_UILaunchScreen_Generation = YES;
				INFOPLIST_KEY_UISupportedInterfaceOrientations_iPad = "UIInterfaceOrientationPortrait UIInterfaceOrientationPortraitUpsideDown UIInterfaceOrientationLandscapeLeft UIInterfaceOrientationLandscapeRight";
				INFOPLIST_KEY_UISupportedInterfaceOrientations_iPhone = "UIInterfaceOrientationPortrait UIInterfaceOrientationLandscapeLeft UIInterfaceOrientationLandscapeRight";
				LD_RUNPATH_SEARCH_PATHS = (
					"$(inherited)",
					"@executable_path/Frameworks",
				);
				MARKETING_VERSION = 1.0;
				PRODUCT_BUNDLE_IDENTIFIER = "com.omgandhi.Swipe-iOS-Assignment";
				PRODUCT_NAME = "$(TARGET_NAME)";
				SWIFT_EMIT_LOC_STRINGS = YES;
				SWIFT_VERSION = 5.0;
				TARGETED_DEVICE_FAMILY = "1,2";
			};
			name = Debug;
		};
		C014F0DE2D4A3E7B00EF9911 /* Release */ = {
			isa = XCBuildConfiguration;
			buildSettings = {
				ASSETCATALOG_COMPILER_APPICON_NAME = AppIcon;
				ASSETCATALOG_COMPILER_GLOBAL_ACCENT_COLOR_NAME = AccentColor;
				CODE_SIGN_STYLE = Automatic;
				CURRENT_PROJECT_VERSION = 1;
				DEVELOPMENT_ASSET_PATHS = "\"Swipe iOS Assignment/Preview Content\"";
				DEVELOPMENT_TEAM = 659TVY4N4U;
				ENABLE_PREVIEWS = YES;
				GENERATE_INFOPLIST_FILE = YES;
				INFOPLIST_KEY_UIApplicationSceneManifest_Generation = YES;
				INFOPLIST_KEY_UIApplicationSupportsIndirectInputEvents = YES;
				INFOPLIST_KEY_UILaunchScreen_Generation = YES;
				INFOPLIST_KEY_UISupportedInterfaceOrientations_iPad = "UIInterfaceOrientationPortrait UIInterfaceOrientationPortraitUpsideDown UIInterfaceOrientationLandscapeLeft UIInterfaceOrientationLandscapeRight";
				INFOPLIST_KEY_UISupportedInterfaceOrientations_iPhone = "UIInterfaceOrientationPortrait UIInterfaceOrientationLandscapeLeft UIInterfaceOrientationLandscapeRight";
				LD_RUNPATH_SEARCH_PATHS = (
					"$(inherited)",
					"@executable_path/Frameworks",
				);
				MARKETING_VERSION = 1.0;
				PRODUCT_BUNDLE_IDENTIFIER = "com.omgandhi.Swipe-iOS-Assignment";
				PRODUCT_NAME = "$(TARGET_NAME)";
				SWIFT_EMIT_LOC_STRINGS = YES;
				SWIFT_VERSION = 5.0;
				TARGETED_DEVICE_FAMILY = "1,2";
			};
			name = Release;
		};
		C014F0E02D4A3E7B00EF9911 /* Debug */ = {
			isa = XCBuildConfiguration;
			buildSettings = {
				BUNDLE_LOADER = "$(TEST_HOST)";
				CODE_SIGN_STYLE = Automatic;
				CURRENT_PROJECT_VERSION = 1;
				DEVELOPMENT_TEAM = 659TVY4N4U;
				GENERATE_INFOPLIST_FILE = YES;
				IPHONEOS_DEPLOYMENT_TARGET = 18.2;
				MARKETING_VERSION = 1.0;
				PRODUCT_BUNDLE_IDENTIFIER = "com.omgandhi.Swipe-iOS-AssignmentTests";
				PRODUCT_NAME = "$(TARGET_NAME)";
				SWIFT_EMIT_LOC_STRINGS = NO;
				SWIFT_VERSION = 5.0;
				TARGETED_DEVICE_FAMILY = "1,2";
				TEST_HOST = "$(BUILT_PRODUCTS_DIR)/Swipe iOS Assignment.app/$(BUNDLE_EXECUTABLE_FOLDER_PATH)/Swipe iOS Assignment";
			};
			name = Debug;
		};
		C014F0E12D4A3E7B00EF9911 /* Release */ = {
			isa = XCBuildConfiguration;
			buildSettings = {
				BUNDLE_LOADER = "$(TEST_HOST)";
				CODE_SIGN_STYLE = Automatic;
				CURRENT_PROJECT_VERSION = 1;
				DEVELOPMENT_TEAM = 659TVY4N4U;
				GENERATE_INFOPLIST_FILE = YES;
				IPHONEOS_DEPLOYMENT_TARGET = 18.2;
				MARKETING_VERSION = 1.0;
				PRODUCT_BUNDLE_IDENTIFIER = "com.omgandhi.Swipe-iOS-AssignmentTests";
				PRODUCT_NAME = "$(TARGET_NAME)";
				SWIFT_EMIT_LOC_STRINGS = NO;
				SWIFT_VERSION = 5.0;
				TARGETED_DEVICE_FAMILY = "1,2";
				TEST_HOST = "$(BUILT_PRODUCTS_DIR)/Swipe iOS Assignment.app/$(BUNDLE_EXECUTABLE_FOLDER_PATH)/Swipe iOS Assignment";
			};
			name = Release;
		};
		C014F0E32D4A3E7B00EF9911 /* Debug */ = {
			isa = XCBuildConfiguration;
			buildSettings = {
				CODE_SIGN_STYLE = Automatic;
				CURRENT_PROJECT_VERSION = 1;
				DEVELOPMENT_TEAM = 659TVY4N4U;
				GENERATE_INFOPLIST_FILE = YES;
				MARKETING_VERSION = 1.0;
				PRODUCT_BUNDLE_IDENTIFIER = "com.omgandhi.Swipe-iOS-AssignmentUITests";
				PRODUCT_NAME = "$(TARGET_NAME)";
				SWIFT_EMIT_LOC_STRINGS = NO;
				SWIFT_VERSION = 5.0;
				TARGETED_DEVICE_FAMILY = "1,2";
				TEST_TARGET_NAME = "Swipe iOS Assignment";
			};
			name = Debug;
		};
		C014F0E42D4A3E7B00EF9911 /* Release */ = {
			isa = XCBuildConfiguration;
			buildSettings = {
				CODE_SIGN_STYLE = Automatic;
				CURRENT_PROJECT_VERSION = 1;
				DEVELOPMENT_TEAM = 659TVY4N4U;
				GENERATE_INFOPLIST_FILE = YES;
				MARKETING_VERSION = 1.0;
				PRODUCT_BUNDLE_IDENTIFIER = "com.omgandhi.Swipe-iOS-AssignmentUITests";
				PRODUCT_NAME = "$(TARGET_NAME)";
				SWIFT_EMIT_LOC_STRINGS = NO;
				SWIFT_VERSION = 5.0;
				TARGETED_DEVICE_FAMILY = "1,2";
				TEST_TARGET_NAME = "Swipe iOS Assignment";
			};
			name = Release;
		};
/* End XCBuildConfiguration section */

/* Begin XCConfigurationList section */
		C014F0B32D4A3E7900EF9911 /* Build configuration list for PBXProject "Swipe iOS Assignment" */ = {
			isa = XCConfigurationList;
			buildConfigurations = (
				C014F0DA2D4A3E7B00EF9911 /* Debug */,
				C014F0DB2D4A3E7B00EF9911 /* Release */,
			);
			defaultConfigurationIsVisible = 0;
			defaultConfigurationName = Release;
		};
		C014F0DC2D4A3E7B00EF9911 /* Build configuration list for PBXNativeTarget "Swipe iOS Assignment" */ = {
			isa = XCConfigurationList;
			buildConfigurations = (
				C014F0DD2D4A3E7B00EF9911 /* Debug */,
				C014F0DE2D4A3E7B00EF9911 /* Release */,
			);
			defaultConfigurationIsVisible = 0;
			defaultConfigurationName = Release;
		};
		C014F0DF2D4A3E7B00EF9911 /* Build configuration list for PBXNativeTarget "Swipe iOS AssignmentTests" */ = {
			isa = XCConfigurationList;
			buildConfigurations = (
				C014F0E02D4A3E7B00EF9911 /* Debug */,
				C014F0E12D4A3E7B00EF9911 /* Release */,
			);
			defaultConfigurationIsVisible = 0;
			defaultConfigurationName = Release;
		};
		C014F0E22D4A3E7B00EF9911 /* Build configuration list for PBXNativeTarget "Swipe iOS AssignmentUITests" */ = {
			isa = XCConfigurationList;
			buildConfigurations = (
				C014F0E32D4A3E7B00EF9911 /* Debug */,
				C014F0E42D4A3E7B00EF9911 /* Release */,
			);
			defaultConfigurationIsVisible = 0;
			defaultConfigurationName = Release;
		};
/* End XCConfigurationList section */
	};
	rootObject = C014F0B02D4A3E7900EF9911 /* Project object */;
}
